
Microsoft Visual Studio Solution File, Format Version 12.00
# Visual Studio 15
VisualStudioVersion = 15.0.27703.2047
MinimumVisualStudioVersion = 10.0.40219.1
Project("{FAE04EC0-301F-11D3-BF4B-00C04F79EFBC}") = "salesjs.Android", "salesjs\salesjs.Android\salesjs.Android.csproj", "{7E1A5B37-CB22-46FE-A925-687C97D4EE0D}"
EndProject
Project("{FAE04EC0-301F-11D3-BF4B-00C04F79EFBC}") = "salesjs.iOS", "salesjs\salesjs.iOS\salesjs.iOS.csproj", "{F3C4B5BC-7CD3-4760-8FC4-B5A9C5E8A001}"
EndProject
Project("{FAE04EC0-301F-11D3-BF4B-00C04F79EFBC}") = "salesjs.UWP", "salesjs\salesjs.UWP\salesjs.UWP.csproj", "{15D75BAA-58E6-4FFF-98E4-663E13F1861C}"
EndProject
Project("{9A19103F-16F7-4668-BE54-9A1E7A4F7556}") = "salesjs", "salesjs\salesjs\salesjs.csproj", "{BEDF7EB2-6401-48B0-9E32-E01ED9F104DF}"
EndProject
Project("{FAE04EC0-301F-11D3-BF4B-00C04F79EFBC}") = "salesjs.Backend", "salesjs.Backend\salesjs.Backend.csproj", "{700264FF-34BB-4417-8C13-F900F1A17660}"
EndProject
Project("{FAE04EC0-301F-11D3-BF4B-00C04F79EFBC}") = "salesjs.API", "salesjs.API\salesjs.API.csproj", "{42A026C9-E3B1-4B27-A7A8-A817E3472083}"
EndProject
Project("{FAE04EC0-301F-11D3-BF4B-00C04F79EFBC}") = "salesjs.Common", "salesjs.Common\salesjs.Common.csproj", "{EBA93912-3111-4B69-B9CB-E4DD2202A949}"
EndProject
Project("{FAE04EC0-301F-11D3-BF4B-00C04F79EFBC}") = "salesjs.Domain", "salesjs.Domain\salesjs.Domain.csproj", "{061F2CF9-73CE-49FE-8DDA-1C3E2A977762}"
EndProject
Global
	GlobalSection(SolutionConfigurationPlatforms) = preSolution
		Ad-Hoc|Any CPU = Ad-Hoc|Any CPU
		Ad-Hoc|ARM = Ad-Hoc|ARM
		Ad-Hoc|iPhone = Ad-Hoc|iPhone
		Ad-Hoc|iPhoneSimulator = Ad-Hoc|iPhoneSimulator
		Ad-Hoc|x64 = Ad-Hoc|x64
		Ad-Hoc|x86 = Ad-Hoc|x86
		AppStore|Any CPU = AppStore|Any CPU
		AppStore|ARM = AppStore|ARM
		AppStore|iPhone = AppStore|iPhone
		AppStore|iPhoneSimulator = AppStore|iPhoneSimulator
		AppStore|x64 = AppStore|x64
		AppStore|x86 = AppStore|x86
		Debug|Any CPU = Debug|Any CPU
		Debug|ARM = Debug|ARM
		Debug|iPhone = Debug|iPhone
		Debug|iPhoneSimulator = Debug|iPhoneSimulator
		Debug|x64 = Debug|x64
		Debug|x86 = Debug|x86
		Release|Any CPU = Release|Any CPU
		Release|ARM = Release|ARM
		Release|iPhone = Release|iPhone
		Release|iPhoneSimulator = Release|iPhoneSimulator
		Release|x64 = Release|x64
		Release|x86 = Release|x86
	EndGlobalSection
	GlobalSection(ProjectConfigurationPlatforms) = postSolution
		{7E1A5B37-CB22-46FE-A925-687C97D4EE0D}.Ad-Hoc|Any CPU.ActiveCfg = Release|Any CPU
		{7E1A5B37-CB22-46FE-A925-687C97D4EE0D}.Ad-Hoc|Any CPU.Build.0 = Release|Any CPU
		{7E1A5B37-CB22-46FE-A925-687C97D4EE0D}.Ad-Hoc|Any CPU.Deploy.0 = Release|Any CPU
		{7E1A5B37-CB22-46FE-A925-687C97D4EE0D}.Ad-Hoc|ARM.ActiveCfg = Release|Any CPU
		{7E1A5B37-CB22-46FE-A925-687C97D4EE0D}.Ad-Hoc|ARM.Build.0 = Release|Any CPU
		{7E1A5B37-CB22-46FE-A925-687C97D4EE0D}.Ad-Hoc|ARM.Deploy.0 = Release|Any CPU
		{7E1A5B37-CB22-46FE-A925-687C97D4EE0D}.Ad-Hoc|iPhone.ActiveCfg = Release|Any CPU
		{7E1A5B37-CB22-46FE-A925-687C97D4EE0D}.Ad-Hoc|iPhone.Build.0 = Release|Any CPU
		{7E1A5B37-CB22-46FE-A925-687C97D4EE0D}.Ad-Hoc|iPhone.Deploy.0 = Release|Any CPU
		{7E1A5B37-CB22-46FE-A925-687C97D4EE0D}.Ad-Hoc|iPhoneSimulator.ActiveCfg = Release|Any CPU
		{7E1A5B37-CB22-46FE-A925-687C97D4EE0D}.Ad-Hoc|iPhoneSimulator.Build.0 = Release|Any CPU
		{7E1A5B37-CB22-46FE-A925-687C97D4EE0D}.Ad-Hoc|iPhoneSimulator.Deploy.0 = Release|Any CPU
		{7E1A5B37-CB22-46FE-A925-687C97D4EE0D}.Ad-Hoc|x64.ActiveCfg = Release|Any CPU
		{7E1A5B37-CB22-46FE-A925-687C97D4EE0D}.Ad-Hoc|x64.Build.0 = Release|Any CPU
		{7E1A5B37-CB22-46FE-A925-687C97D4EE0D}.Ad-Hoc|x64.Deploy.0 = Release|Any CPU
		{7E1A5B37-CB22-46FE-A925-687C97D4EE0D}.Ad-Hoc|x86.ActiveCfg = Release|Any CPU
		{7E1A5B37-CB22-46FE-A925-687C97D4EE0D}.Ad-Hoc|x86.Build.0 = Release|Any CPU
		{7E1A5B37-CB22-46FE-A925-687C97D4EE0D}.Ad-Hoc|x86.Deploy.0 = Release|Any CPU
		{7E1A5B37-CB22-46FE-A925-687C97D4EE0D}.AppStore|Any CPU.ActiveCfg = Release|Any CPU
		{7E1A5B37-CB22-46FE-A925-687C97D4EE0D}.AppStore|Any CPU.Build.0 = Release|Any CPU
		{7E1A5B37-CB22-46FE-A925-687C97D4EE0D}.AppStore|Any CPU.Deploy.0 = Release|Any CPU
		{7E1A5B37-CB22-46FE-A925-687C97D4EE0D}.AppStore|ARM.ActiveCfg = Release|Any CPU
		{7E1A5B37-CB22-46FE-A925-687C97D4EE0D}.AppStore|ARM.Build.0 = Release|Any CPU
		{7E1A5B37-CB22-46FE-A925-687C97D4EE0D}.AppStore|ARM.Deploy.0 = Release|Any CPU
		{7E1A5B37-CB22-46FE-A925-687C97D4EE0D}.AppStore|iPhone.ActiveCfg = Release|Any CPU
		{7E1A5B37-CB22-46FE-A925-687C97D4EE0D}.AppStore|iPhone.Build.0 = Release|Any CPU
		{7E1A5B37-CB22-46FE-A925-687C97D4EE0D}.AppStore|iPhone.Deploy.0 = Release|Any CPU
		{7E1A5B37-CB22-46FE-A925-687C97D4EE0D}.AppStore|iPhoneSimulator.ActiveCfg = Release|Any CPU
		{7E1A5B37-CB22-46FE-A925-687C97D4EE0D}.AppStore|iPhoneSimulator.Build.0 = Release|Any CPU
		{7E1A5B37-CB22-46FE-A925-687C97D4EE0D}.AppStore|iPhoneSimulator.Deploy.0 = Release|Any CPU
		{7E1A5B37-CB22-46FE-A925-687C97D4EE0D}.AppStore|x64.ActiveCfg = Release|Any CPU
		{7E1A5B37-CB22-46FE-A925-687C97D4EE0D}.AppStore|x64.Build.0 = Release|Any CPU
		{7E1A5B37-CB22-46FE-A925-687C97D4EE0D}.AppStore|x64.Deploy.0 = Release|Any CPU
		{7E1A5B37-CB22-46FE-A925-687C97D4EE0D}.AppStore|x86.ActiveCfg = Release|Any CPU
		{7E1A5B37-CB22-46FE-A925-687C97D4EE0D}.AppStore|x86.Build.0 = Release|Any CPU
		{7E1A5B37-CB22-46FE-A925-687C97D4EE0D}.AppStore|x86.Deploy.0 = Release|Any CPU
		{7E1A5B37-CB22-46FE-A925-687C97D4EE0D}.Debug|Any CPU.ActiveCfg = Debug|Any CPU
		{7E1A5B37-CB22-46FE-A925-687C97D4EE0D}.Debug|Any CPU.Build.0 = Debug|Any CPU
		{7E1A5B37-CB22-46FE-A925-687C97D4EE0D}.Debug|Any CPU.Deploy.0 = Debug|Any CPU
		{7E1A5B37-CB22-46FE-A925-687C97D4EE0D}.Debug|ARM.ActiveCfg = Debug|Any CPU
		{7E1A5B37-CB22-46FE-A925-687C97D4EE0D}.Debug|ARM.Build.0 = Debug|Any CPU
		{7E1A5B37-CB22-46FE-A925-687C97D4EE0D}.Debug|ARM.Deploy.0 = Debug|Any CPU
		{7E1A5B37-CB22-46FE-A925-687C97D4EE0D}.Debug|iPhone.ActiveCfg = Debug|Any CPU
		{7E1A5B37-CB22-46FE-A925-687C97D4EE0D}.Debug|iPhone.Build.0 = Debug|Any CPU
		{7E1A5B37-CB22-46FE-A925-687C97D4EE0D}.Debug|iPhone.Deploy.0 = Debug|Any CPU
		{7E1A5B37-CB22-46FE-A925-687C97D4EE0D}.Debug|iPhoneSimulator.ActiveCfg = Debug|Any CPU
		{7E1A5B37-CB22-46FE-A925-687C97D4EE0D}.Debug|iPhoneSimulator.Build.0 = Debug|Any CPU
		{7E1A5B37-CB22-46FE-A925-687C97D4EE0D}.Debug|iPhoneSimulator.Deploy.0 = Debug|Any CPU
		{7E1A5B37-CB22-46FE-A925-687C97D4EE0D}.Debug|x64.ActiveCfg = Debug|Any CPU
		{7E1A5B37-CB22-46FE-A925-687C97D4EE0D}.Debug|x64.Build.0 = Debug|Any CPU
		{7E1A5B37-CB22-46FE-A925-687C97D4EE0D}.Debug|x64.Deploy.0 = Debug|Any CPU
		{7E1A5B37-CB22-46FE-A925-687C97D4EE0D}.Debug|x86.ActiveCfg = Debug|Any CPU
		{7E1A5B37-CB22-46FE-A925-687C97D4EE0D}.Debug|x86.Build.0 = Debug|Any CPU
		{7E1A5B37-CB22-46FE-A925-687C97D4EE0D}.Debug|x86.Deploy.0 = Debug|Any CPU
		{7E1A5B37-CB22-46FE-A925-687C97D4EE0D}.Release|Any CPU.ActiveCfg = Release|Any CPU
		{7E1A5B37-CB22-46FE-A925-687C97D4EE0D}.Release|Any CPU.Build.0 = Release|Any CPU
		{7E1A5B37-CB22-46FE-A925-687C97D4EE0D}.Release|Any CPU.Deploy.0 = Release|Any CPU
		{7E1A5B37-CB22-46FE-A925-687C97D4EE0D}.Release|ARM.ActiveCfg = Release|Any CPU
		{7E1A5B37-CB22-46FE-A925-687C97D4EE0D}.Release|ARM.Build.0 = Release|Any CPU
		{7E1A5B37-CB22-46FE-A925-687C97D4EE0D}.Release|ARM.Deploy.0 = Release|Any CPU
		{7E1A5B37-CB22-46FE-A925-687C97D4EE0D}.Release|iPhone.ActiveCfg = Release|Any CPU
		{7E1A5B37-CB22-46FE-A925-687C97D4EE0D}.Release|iPhone.Build.0 = Release|Any CPU
		{7E1A5B37-CB22-46FE-A925-687C97D4EE0D}.Release|iPhone.Deploy.0 = Release|Any CPU
		{7E1A5B37-CB22-46FE-A925-687C97D4EE0D}.Release|iPhoneSimulator.ActiveCfg = Release|Any CPU
		{7E1A5B37-CB22-46FE-A925-687C97D4EE0D}.Release|iPhoneSimulator.Build.0 = Release|Any CPU
		{7E1A5B37-CB22-46FE-A925-687C97D4EE0D}.Release|iPhoneSimulator.Deploy.0 = Release|Any CPU
		{7E1A5B37-CB22-46FE-A925-687C97D4EE0D}.Release|x64.ActiveCfg = Release|Any CPU
		{7E1A5B37-CB22-46FE-A925-687C97D4EE0D}.Release|x64.Build.0 = Release|Any CPU
		{7E1A5B37-CB22-46FE-A925-687C97D4EE0D}.Release|x64.Deploy.0 = Release|Any CPU
		{7E1A5B37-CB22-46FE-A925-687C97D4EE0D}.Release|x86.ActiveCfg = Release|Any CPU
		{7E1A5B37-CB22-46FE-A925-687C97D4EE0D}.Release|x86.Build.0 = Release|Any CPU
		{7E1A5B37-CB22-46FE-A925-687C97D4EE0D}.Release|x86.Deploy.0 = Release|Any CPU
		{F3C4B5BC-7CD3-4760-8FC4-B5A9C5E8A001}.Ad-Hoc|Any CPU.ActiveCfg = Ad-Hoc|iPhone
		{F3C4B5BC-7CD3-4760-8FC4-B5A9C5E8A001}.Ad-Hoc|Any CPU.Build.0 = Ad-Hoc|iPhone
		{F3C4B5BC-7CD3-4760-8FC4-B5A9C5E8A001}.Ad-Hoc|Any CPU.Deploy.0 = Ad-Hoc|iPhone
		{F3C4B5BC-7CD3-4760-8FC4-B5A9C5E8A001}.Ad-Hoc|ARM.ActiveCfg = Ad-Hoc|iPhone
		{F3C4B5BC-7CD3-4760-8FC4-B5A9C5E8A001}.Ad-Hoc|ARM.Build.0 = Ad-Hoc|iPhone
		{F3C4B5BC-7CD3-4760-8FC4-B5A9C5E8A001}.Ad-Hoc|ARM.Deploy.0 = Ad-Hoc|iPhone
		{F3C4B5BC-7CD3-4760-8FC4-B5A9C5E8A001}.Ad-Hoc|iPhone.ActiveCfg = Ad-Hoc|iPhone
		{F3C4B5BC-7CD3-4760-8FC4-B5A9C5E8A001}.Ad-Hoc|iPhone.Build.0 = Ad-Hoc|iPhone
		{F3C4B5BC-7CD3-4760-8FC4-B5A9C5E8A001}.Ad-Hoc|iPhone.Deploy.0 = Ad-Hoc|iPhone
		{F3C4B5BC-7CD3-4760-8FC4-B5A9C5E8A001}.Ad-Hoc|iPhoneSimulator.ActiveCfg = Ad-Hoc|iPhoneSimulator
		{F3C4B5BC-7CD3-4760-8FC4-B5A9C5E8A001}.Ad-Hoc|iPhoneSimulator.Build.0 = Ad-Hoc|iPhoneSimulator
		{F3C4B5BC-7CD3-4760-8FC4-B5A9C5E8A001}.Ad-Hoc|iPhoneSimulator.Deploy.0 = Ad-Hoc|iPhoneSimulator
		{F3C4B5BC-7CD3-4760-8FC4-B5A9C5E8A001}.Ad-Hoc|x64.ActiveCfg = Ad-Hoc|iPhone
		{F3C4B5BC-7CD3-4760-8FC4-B5A9C5E8A001}.Ad-Hoc|x64.Build.0 = Ad-Hoc|iPhone
		{F3C4B5BC-7CD3-4760-8FC4-B5A9C5E8A001}.Ad-Hoc|x64.Deploy.0 = Ad-Hoc|iPhone
		{F3C4B5BC-7CD3-4760-8FC4-B5A9C5E8A001}.Ad-Hoc|x86.ActiveCfg = Ad-Hoc|iPhone
		{F3C4B5BC-7CD3-4760-8FC4-B5A9C5E8A001}.Ad-Hoc|x86.Build.0 = Ad-Hoc|iPhone
		{F3C4B5BC-7CD3-4760-8FC4-B5A9C5E8A001}.Ad-Hoc|x86.Deploy.0 = Ad-Hoc|iPhone
		{F3C4B5BC-7CD3-4760-8FC4-B5A9C5E8A001}.AppStore|Any CPU.ActiveCfg = AppStore|iPhone
		{F3C4B5BC-7CD3-4760-8FC4-B5A9C5E8A001}.AppStore|Any CPU.Build.0 = AppStore|iPhone
		{F3C4B5BC-7CD3-4760-8FC4-B5A9C5E8A001}.AppStore|Any CPU.Deploy.0 = AppStore|iPhone
		{F3C4B5BC-7CD3-4760-8FC4-B5A9C5E8A001}.AppStore|ARM.ActiveCfg = AppStore|iPhone
		{F3C4B5BC-7CD3-4760-8FC4-B5A9C5E8A001}.AppStore|ARM.Build.0 = AppStore|iPhone
		{F3C4B5BC-7CD3-4760-8FC4-B5A9C5E8A001}.AppStore|ARM.Deploy.0 = AppStore|iPhone
		{F3C4B5BC-7CD3-4760-8FC4-B5A9C5E8A001}.AppStore|iPhone.ActiveCfg = AppStore|iPhone
		{F3C4B5BC-7CD3-4760-8FC4-B5A9C5E8A001}.AppStore|iPhone.Build.0 = AppStore|iPhone
		{F3C4B5BC-7CD3-4760-8FC4-B5A9C5E8A001}.AppStore|iPhone.Deploy.0 = AppStore|iPhone
		{F3C4B5BC-7CD3-4760-8FC4-B5A9C5E8A001}.AppStore|iPhoneSimulator.ActiveCfg = AppStore|iPhoneSimulator
		{F3C4B5BC-7CD3-4760-8FC4-B5A9C5E8A001}.AppStore|iPhoneSimulator.Build.0 = AppStore|iPhoneSimulator
		{F3C4B5BC-7CD3-4760-8FC4-B5A9C5E8A001}.AppStore|iPhoneSimulator.Deploy.0 = AppStore|iPhoneSimulator
		{F3C4B5BC-7CD3-4760-8FC4-B5A9C5E8A001}.AppStore|x64.ActiveCfg = AppStore|iPhone
		{F3C4B5BC-7CD3-4760-8FC4-B5A9C5E8A001}.AppStore|x64.Build.0 = AppStore|iPhone
		{F3C4B5BC-7CD3-4760-8FC4-B5A9C5E8A001}.AppStore|x64.Deploy.0 = AppStore|iPhone
		{F3C4B5BC-7CD3-4760-8FC4-B5A9C5E8A001}.AppStore|x86.ActiveCfg = AppStore|iPhone
		{F3C4B5BC-7CD3-4760-8FC4-B5A9C5E8A001}.AppStore|x86.Build.0 = AppStore|iPhone
		{F3C4B5BC-7CD3-4760-8FC4-B5A9C5E8A001}.AppStore|x86.Deploy.0 = AppStore|iPhone
		{F3C4B5BC-7CD3-4760-8FC4-B5A9C5E8A001}.Debug|Any CPU.ActiveCfg = Debug|iPhoneSimulator
		{F3C4B5BC-7CD3-4760-8FC4-B5A9C5E8A001}.Debug|Any CPU.Build.0 = Debug|iPhoneSimulator
		{F3C4B5BC-7CD3-4760-8FC4-B5A9C5E8A001}.Debug|Any CPU.Deploy.0 = Debug|iPhoneSimulator
		{F3C4B5BC-7CD3-4760-8FC4-B5A9C5E8A001}.Debug|ARM.ActiveCfg = Debug|iPhone
		{F3C4B5BC-7CD3-4760-8FC4-B5A9C5E8A001}.Debug|ARM.Build.0 = Debug|iPhone
		{F3C4B5BC-7CD3-4760-8FC4-B5A9C5E8A001}.Debug|ARM.Deploy.0 = Debug|iPhone
		{F3C4B5BC-7CD3-4760-8FC4-B5A9C5E8A001}.Debug|iPhone.ActiveCfg = Debug|iPhone
		{F3C4B5BC-7CD3-4760-8FC4-B5A9C5E8A001}.Debug|iPhone.Build.0 = Debug|iPhone
		{F3C4B5BC-7CD3-4760-8FC4-B5A9C5E8A001}.Debug|iPhone.Deploy.0 = Debug|iPhone
		{F3C4B5BC-7CD3-4760-8FC4-B5A9C5E8A001}.Debug|iPhoneSimulator.ActiveCfg = Debug|iPhoneSimulator
		{F3C4B5BC-7CD3-4760-8FC4-B5A9C5E8A001}.Debug|iPhoneSimulator.Build.0 = Debug|iPhoneSimulator
		{F3C4B5BC-7CD3-4760-8FC4-B5A9C5E8A001}.Debug|iPhoneSimulator.Deploy.0 = Debug|iPhoneSimulator
		{F3C4B5BC-7CD3-4760-8FC4-B5A9C5E8A001}.Debug|x64.ActiveCfg = Debug|iPhone
		{F3C4B5BC-7CD3-4760-8FC4-B5A9C5E8A001}.Debug|x64.Build.0 = Debug|iPhone
		{F3C4B5BC-7CD3-4760-8FC4-B5A9C5E8A001}.Debug|x64.Deploy.0 = Debug|iPhone
		{F3C4B5BC-7CD3-4760-8FC4-B5A9C5E8A001}.Debug|x86.ActiveCfg = Debug|iPhone
		{F3C4B5BC-7CD3-4760-8FC4-B5A9C5E8A001}.Debug|x86.Build.0 = Debug|iPhone
		{F3C4B5BC-7CD3-4760-8FC4-B5A9C5E8A001}.Debug|x86.Deploy.0 = Debug|iPhone
		{F3C4B5BC-7CD3-4760-8FC4-B5A9C5E8A001}.Release|Any CPU.ActiveCfg = Release|iPhone
		{F3C4B5BC-7CD3-4760-8FC4-B5A9C5E8A001}.Release|Any CPU.Build.0 = Release|iPhone
		{F3C4B5BC-7CD3-4760-8FC4-B5A9C5E8A001}.Release|Any CPU.Deploy.0 = Release|iPhone
		{F3C4B5BC-7CD3-4760-8FC4-B5A9C5E8A001}.Release|ARM.ActiveCfg = Release|iPhone
		{F3C4B5BC-7CD3-4760-8FC4-B5A9C5E8A001}.Release|ARM.Build.0 = Release|iPhone
		{F3C4B5BC-7CD3-4760-8FC4-B5A9C5E8A001}.Release|ARM.Deploy.0 = Release|iPhone
		{F3C4B5BC-7CD3-4760-8FC4-B5A9C5E8A001}.Release|iPhone.ActiveCfg = Release|iPhone
		{F3C4B5BC-7CD3-4760-8FC4-B5A9C5E8A001}.Release|iPhone.Build.0 = Release|iPhone
		{F3C4B5BC-7CD3-4760-8FC4-B5A9C5E8A001}.Release|iPhone.Deploy.0 = Release|iPhone
		{F3C4B5BC-7CD3-4760-8FC4-B5A9C5E8A001}.Release|iPhoneSimulator.ActiveCfg = Release|iPhoneSimulator
		{F3C4B5BC-7CD3-4760-8FC4-B5A9C5E8A001}.Release|iPhoneSimulator.Build.0 = Release|iPhoneSimulator
		{F3C4B5BC-7CD3-4760-8FC4-B5A9C5E8A001}.Release|iPhoneSimulator.Deploy.0 = Release|iPhoneSimulator
		{F3C4B5BC-7CD3-4760-8FC4-B5A9C5E8A001}.Release|x64.ActiveCfg = Release|iPhone
		{F3C4B5BC-7CD3-4760-8FC4-B5A9C5E8A001}.Release|x64.Build.0 = Release|iPhone
		{F3C4B5BC-7CD3-4760-8FC4-B5A9C5E8A001}.Release|x64.Deploy.0 = Release|iPhone
		{F3C4B5BC-7CD3-4760-8FC4-B5A9C5E8A001}.Release|x86.ActiveCfg = Release|iPhone
		{F3C4B5BC-7CD3-4760-8FC4-B5A9C5E8A001}.Release|x86.Build.0 = Release|iPhone
		{F3C4B5BC-7CD3-4760-8FC4-B5A9C5E8A001}.Release|x86.Deploy.0 = Release|iPhone
		{15D75BAA-58E6-4FFF-98E4-663E13F1861C}.Ad-Hoc|Any CPU.ActiveCfg = Release|x86
		{15D75BAA-58E6-4FFF-98E4-663E13F1861C}.Ad-Hoc|Any CPU.Build.0 = Release|x86
		{15D75BAA-58E6-4FFF-98E4-663E13F1861C}.Ad-Hoc|Any CPU.Deploy.0 = Release|x86
		{15D75BAA-58E6-4FFF-98E4-663E13F1861C}.Ad-Hoc|ARM.ActiveCfg = Release|ARM
		{15D75BAA-58E6-4FFF-98E4-663E13F1861C}.Ad-Hoc|ARM.Build.0 = Release|ARM
		{15D75BAA-58E6-4FFF-98E4-663E13F1861C}.Ad-Hoc|ARM.Deploy.0 = Release|ARM
		{15D75BAA-58E6-4FFF-98E4-663E13F1861C}.Ad-Hoc|iPhone.ActiveCfg = Release|x86
		{15D75BAA-58E6-4FFF-98E4-663E13F1861C}.Ad-Hoc|iPhone.Build.0 = Release|x86
		{15D75BAA-58E6-4FFF-98E4-663E13F1861C}.Ad-Hoc|iPhone.Deploy.0 = Release|x86
		{15D75BAA-58E6-4FFF-98E4-663E13F1861C}.Ad-Hoc|iPhoneSimulator.ActiveCfg = Release|x86
		{15D75BAA-58E6-4FFF-98E4-663E13F1861C}.Ad-Hoc|iPhoneSimulator.Build.0 = Release|x86
		{15D75BAA-58E6-4FFF-98E4-663E13F1861C}.Ad-Hoc|iPhoneSimulator.Deploy.0 = Release|x86
		{15D75BAA-58E6-4FFF-98E4-663E13F1861C}.Ad-Hoc|x64.ActiveCfg = Release|x64
		{15D75BAA-58E6-4FFF-98E4-663E13F1861C}.Ad-Hoc|x64.Build.0 = Release|x64
		{15D75BAA-58E6-4FFF-98E4-663E13F1861C}.Ad-Hoc|x64.Deploy.0 = Release|x64
		{15D75BAA-58E6-4FFF-98E4-663E13F1861C}.Ad-Hoc|x86.ActiveCfg = Release|x86
		{15D75BAA-58E6-4FFF-98E4-663E13F1861C}.Ad-Hoc|x86.Build.0 = Release|x86
		{15D75BAA-58E6-4FFF-98E4-663E13F1861C}.Ad-Hoc|x86.Deploy.0 = Release|x86
		{15D75BAA-58E6-4FFF-98E4-663E13F1861C}.AppStore|Any CPU.ActiveCfg = Release|x86
		{15D75BAA-58E6-4FFF-98E4-663E13F1861C}.AppStore|Any CPU.Build.0 = Release|x86
		{15D75BAA-58E6-4FFF-98E4-663E13F1861C}.AppStore|Any CPU.Deploy.0 = Release|x86
		{15D75BAA-58E6-4FFF-98E4-663E13F1861C}.AppStore|ARM.ActiveCfg = Release|ARM
		{15D75BAA-58E6-4FFF-98E4-663E13F1861C}.AppStore|ARM.Build.0 = Release|ARM
		{15D75BAA-58E6-4FFF-98E4-663E13F1861C}.AppStore|ARM.Deploy.0 = Release|ARM
		{15D75BAA-58E6-4FFF-98E4-663E13F1861C}.AppStore|iPhone.ActiveCfg = Release|x86
		{15D75BAA-58E6-4FFF-98E4-663E13F1861C}.AppStore|iPhone.Build.0 = Release|x86
		{15D75BAA-58E6-4FFF-98E4-663E13F1861C}.AppStore|iPhone.Deploy.0 = Release|x86
		{15D75BAA-58E6-4FFF-98E4-663E13F1861C}.AppStore|iPhoneSimulator.ActiveCfg = Release|x86
		{15D75BAA-58E6-4FFF-98E4-663E13F1861C}.AppStore|iPhoneSimulator.Build.0 = Release|x86
		{15D75BAA-58E6-4FFF-98E4-663E13F1861C}.AppStore|iPhoneSimulator.Deploy.0 = Release|x86
		{15D75BAA-58E6-4FFF-98E4-663E13F1861C}.AppStore|x64.ActiveCfg = Release|x64
		{15D75BAA-58E6-4FFF-98E4-663E13F1861C}.AppStore|x64.Build.0 = Release|x64
		{15D75BAA-58E6-4FFF-98E4-663E13F1861C}.AppStore|x64.Deploy.0 = Release|x64
		{15D75BAA-58E6-4FFF-98E4-663E13F1861C}.AppStore|x86.ActiveCfg = Release|x86
		{15D75BAA-58E6-4FFF-98E4-663E13F1861C}.AppStore|x86.Build.0 = Release|x86
		{15D75BAA-58E6-4FFF-98E4-663E13F1861C}.AppStore|x86.Deploy.0 = Release|x86
		{15D75BAA-58E6-4FFF-98E4-663E13F1861C}.Debug|Any CPU.ActiveCfg = Debug|x86
		{15D75BAA-58E6-4FFF-98E4-663E13F1861C}.Debug|Any CPU.Build.0 = Debug|x86
		{15D75BAA-58E6-4FFF-98E4-663E13F1861C}.Debug|Any CPU.Deploy.0 = Debug|x86
		{15D75BAA-58E6-4FFF-98E4-663E13F1861C}.Debug|ARM.ActiveCfg = Debug|ARM
		{15D75BAA-58E6-4FFF-98E4-663E13F1861C}.Debug|ARM.Build.0 = Debug|ARM
		{15D75BAA-58E6-4FFF-98E4-663E13F1861C}.Debug|ARM.Deploy.0 = Debug|ARM
		{15D75BAA-58E6-4FFF-98E4-663E13F1861C}.Debug|iPhone.ActiveCfg = Debug|x86
		{15D75BAA-58E6-4FFF-98E4-663E13F1861C}.Debug|iPhone.Build.0 = Debug|x86
		{15D75BAA-58E6-4FFF-98E4-663E13F1861C}.Debug|iPhone.Deploy.0 = Debug|x86
		{15D75BAA-58E6-4FFF-98E4-663E13F1861C}.Debug|iPhoneSimulator.ActiveCfg = Debug|x86
		{15D75BAA-58E6-4FFF-98E4-663E13F1861C}.Debug|iPhoneSimulator.Build.0 = Debug|x86
		{15D75BAA-58E6-4FFF-98E4-663E13F1861C}.Debug|iPhoneSimulator.Deploy.0 = Debug|x86
		{15D75BAA-58E6-4FFF-98E4-663E13F1861C}.Debug|x64.ActiveCfg = Debug|x64
		{15D75BAA-58E6-4FFF-98E4-663E13F1861C}.Debug|x64.Build.0 = Debug|x64
		{15D75BAA-58E6-4FFF-98E4-663E13F1861C}.Debug|x64.Deploy.0 = Debug|x64
		{15D75BAA-58E6-4FFF-98E4-663E13F1861C}.Debug|x86.ActiveCfg = Debug|x86
		{15D75BAA-58E6-4FFF-98E4-663E13F1861C}.Debug|x86.Build.0 = Debug|x86
		{15D75BAA-58E6-4FFF-98E4-663E13F1861C}.Debug|x86.Deploy.0 = Debug|x86
		{15D75BAA-58E6-4FFF-98E4-663E13F1861C}.Release|Any CPU.ActiveCfg = Release|x86
		{15D75BAA-58E6-4FFF-98E4-663E13F1861C}.Release|Any CPU.Build.0 = Release|x86
		{15D75BAA-58E6-4FFF-98E4-663E13F1861C}.Release|Any CPU.Deploy.0 = Release|x86
		{15D75BAA-58E6-4FFF-98E4-663E13F1861C}.Release|ARM.ActiveCfg = Release|ARM
		{15D75BAA-58E6-4FFF-98E4-663E13F1861C}.Release|ARM.Build.0 = Release|ARM
		{15D75BAA-58E6-4FFF-98E4-663E13F1861C}.Release|ARM.Deploy.0 = Release|ARM
		{15D75BAA-58E6-4FFF-98E4-663E13F1861C}.Release|iPhone.ActiveCfg = Release|x86
		{15D75BAA-58E6-4FFF-98E4-663E13F1861C}.Release|iPhone.Build.0 = Release|x86
		{15D75BAA-58E6-4FFF-98E4-663E13F1861C}.Release|iPhone.Deploy.0 = Release|x86
		{15D75BAA-58E6-4FFF-98E4-663E13F1861C}.Release|iPhoneSimulator.ActiveCfg = Release|x86
		{15D75BAA-58E6-4FFF-98E4-663E13F1861C}.Release|iPhoneSimulator.Build.0 = Release|x86
		{15D75BAA-58E6-4FFF-98E4-663E13F1861C}.Release|iPhoneSimulator.Deploy.0 = Release|x86
		{15D75BAA-58E6-4FFF-98E4-663E13F1861C}.Release|x64.ActiveCfg = Release|x64
		{15D75BAA-58E6-4FFF-98E4-663E13F1861C}.Release|x64.Build.0 = Release|x64
		{15D75BAA-58E6-4FFF-98E4-663E13F1861C}.Release|x64.Deploy.0 = Release|x64
		{15D75BAA-58E6-4FFF-98E4-663E13F1861C}.Release|x86.ActiveCfg = Release|x86
		{15D75BAA-58E6-4FFF-98E4-663E13F1861C}.Release|x86.Build.0 = Release|x86
		{15D75BAA-58E6-4FFF-98E4-663E13F1861C}.Release|x86.Deploy.0 = Release|x86
		{BEDF7EB2-6401-48B0-9E32-E01ED9F104DF}.Ad-Hoc|Any CPU.ActiveCfg = Debug|Any CPU
		{BEDF7EB2-6401-48B0-9E32-E01ED9F104DF}.Ad-Hoc|Any CPU.Build.0 = Debug|Any CPU
		{BEDF7EB2-6401-48B0-9E32-E01ED9F104DF}.Ad-Hoc|Any CPU.Deploy.0 = Debug|Any CPU
		{BEDF7EB2-6401-48B0-9E32-E01ED9F104DF}.Ad-Hoc|ARM.ActiveCfg = Debug|Any CPU
		{BEDF7EB2-6401-48B0-9E32-E01ED9F104DF}.Ad-Hoc|ARM.Build.0 = Debug|Any CPU
		{BEDF7EB2-6401-48B0-9E32-E01ED9F104DF}.Ad-Hoc|ARM.Deploy.0 = Debug|Any CPU
		{BEDF7EB2-6401-48B0-9E32-E01ED9F104DF}.Ad-Hoc|iPhone.ActiveCfg = Debug|Any CPU
		{BEDF7EB2-6401-48B0-9E32-E01ED9F104DF}.Ad-Hoc|iPhone.Build.0 = Debug|Any CPU
		{BEDF7EB2-6401-48B0-9E32-E01ED9F104DF}.Ad-Hoc|iPhone.Deploy.0 = Debug|Any CPU
		{BEDF7EB2-6401-48B0-9E32-E01ED9F104DF}.Ad-Hoc|iPhoneSimulator.ActiveCfg = Debug|Any CPU
		{BEDF7EB2-6401-48B0-9E32-E01ED9F104DF}.Ad-Hoc|iPhoneSimulator.Build.0 = Debug|Any CPU
		{BEDF7EB2-6401-48B0-9E32-E01ED9F104DF}.Ad-Hoc|iPhoneSimulator.Deploy.0 = Debug|Any CPU
		{BEDF7EB2-6401-48B0-9E32-E01ED9F104DF}.Ad-Hoc|x64.ActiveCfg = Debug|Any CPU
		{BEDF7EB2-6401-48B0-9E32-E01ED9F104DF}.Ad-Hoc|x64.Build.0 = Debug|Any CPU
		{BEDF7EB2-6401-48B0-9E32-E01ED9F104DF}.Ad-Hoc|x64.Deploy.0 = Debug|Any CPU
		{BEDF7EB2-6401-48B0-9E32-E01ED9F104DF}.Ad-Hoc|x86.ActiveCfg = Debug|Any CPU
		{BEDF7EB2-6401-48B0-9E32-E01ED9F104DF}.Ad-Hoc|x86.Build.0 = Debug|Any CPU
		{BEDF7EB2-6401-48B0-9E32-E01ED9F104DF}.Ad-Hoc|x86.Deploy.0 = Debug|Any CPU
		{BEDF7EB2-6401-48B0-9E32-E01ED9F104DF}.AppStore|Any CPU.ActiveCfg = Debug|Any CPU
		{BEDF7EB2-6401-48B0-9E32-E01ED9F104DF}.AppStore|Any CPU.Build.0 = Debug|Any CPU
		{BEDF7EB2-6401-48B0-9E32-E01ED9F104DF}.AppStore|Any CPU.Deploy.0 = Debug|Any CPU
		{BEDF7EB2-6401-48B0-9E32-E01ED9F104DF}.AppStore|ARM.ActiveCfg = Debug|Any CPU
		{BEDF7EB2-6401-48B0-9E32-E01ED9F104DF}.AppStore|ARM.Build.0 = Debug|Any CPU
		{BEDF7EB2-6401-48B0-9E32-E01ED9F104DF}.AppStore|ARM.Deploy.0 = Debug|Any CPU
		{BEDF7EB2-6401-48B0-9E32-E01ED9F104DF}.AppStore|iPhone.ActiveCfg = Debug|Any CPU
		{BEDF7EB2-6401-48B0-9E32-E01ED9F104DF}.AppStore|iPhone.Build.0 = Debug|Any CPU
		{BEDF7EB2-6401-48B0-9E32-E01ED9F104DF}.AppStore|iPhone.Deploy.0 = Debug|Any CPU
		{BEDF7EB2-6401-48B0-9E32-E01ED9F104DF}.AppStore|iPhoneSimulator.ActiveCfg = Debug|Any CPU
		{BEDF7EB2-6401-48B0-9E32-E01ED9F104DF}.AppStore|iPhoneSimulator.Build.0 = Debug|Any CPU
		{BEDF7EB2-6401-48B0-9E32-E01ED9F104DF}.AppStore|iPhoneSimulator.Deploy.0 = Debug|Any CPU
		{BEDF7EB2-6401-48B0-9E32-E01ED9F104DF}.AppStore|x64.ActiveCfg = Debug|Any CPU
		{BEDF7EB2-6401-48B0-9E32-E01ED9F104DF}.AppStore|x64.Build.0 = Debug|Any CPU
		{BEDF7EB2-6401-48B0-9E32-E01ED9F104DF}.AppStore|x64.Deploy.0 = Debug|Any CPU
		{BEDF7EB2-6401-48B0-9E32-E01ED9F104DF}.AppStore|x86.ActiveCfg = Debug|Any CPU
		{BEDF7EB2-6401-48B0-9E32-E01ED9F104DF}.AppStore|x86.Build.0 = Debug|Any CPU
		{BEDF7EB2-6401-48B0-9E32-E01ED9F104DF}.AppStore|x86.Deploy.0 = Debug|Any CPU
		{BEDF7EB2-6401-48B0-9E32-E01ED9F104DF}.Debug|Any CPU.ActiveCfg = Debug|Any CPU
		{BEDF7EB2-6401-48B0-9E32-E01ED9F104DF}.Debug|Any CPU.Build.0 = Debug|Any CPU
		{BEDF7EB2-6401-48B0-9E32-E01ED9F104DF}.Debug|Any CPU.Deploy.0 = Debug|Any CPU
		{BEDF7EB2-6401-48B0-9E32-E01ED9F104DF}.Debug|ARM.ActiveCfg = Debug|Any CPU
		{BEDF7EB2-6401-48B0-9E32-E01ED9F104DF}.Debug|ARM.Build.0 = Debug|Any CPU
		{BEDF7EB2-6401-48B0-9E32-E01ED9F104DF}.Debug|ARM.Deploy.0 = Debug|Any CPU
		{BEDF7EB2-6401-48B0-9E32-E01ED9F104DF}.Debug|iPhone.ActiveCfg = Debug|Any CPU
		{BEDF7EB2-6401-48B0-9E32-E01ED9F104DF}.Debug|iPhone.Build.0 = Debug|Any CPU
		{BEDF7EB2-6401-48B0-9E32-E01ED9F104DF}.Debug|iPhone.Deploy.0 = Debug|Any CPU
		{BEDF7EB2-6401-48B0-9E32-E01ED9F104DF}.Debug|iPhoneSimulator.ActiveCfg = Debug|Any CPU
		{BEDF7EB2-6401-48B0-9E32-E01ED9F104DF}.Debug|iPhoneSimulator.Build.0 = Debug|Any CPU
		{BEDF7EB2-6401-48B0-9E32-E01ED9F104DF}.Debug|iPhoneSimulator.Deploy.0 = Debug|Any CPU
		{BEDF7EB2-6401-48B0-9E32-E01ED9F104DF}.Debug|x64.ActiveCfg = Debug|Any CPU
		{BEDF7EB2-6401-48B0-9E32-E01ED9F104DF}.Debug|x64.Build.0 = Debug|Any CPU
		{BEDF7EB2-6401-48B0-9E32-E01ED9F104DF}.Debug|x64.Deploy.0 = Debug|Any CPU
		{BEDF7EB2-6401-48B0-9E32-E01ED9F104DF}.Debug|x86.ActiveCfg = Debug|Any CPU
		{BEDF7EB2-6401-48B0-9E32-E01ED9F104DF}.Debug|x86.Build.0 = Debug|Any CPU
		{BEDF7EB2-6401-48B0-9E32-E01ED9F104DF}.Debug|x86.Deploy.0 = Debug|Any CPU
		{BEDF7EB2-6401-48B0-9E32-E01ED9F104DF}.Release|Any CPU.ActiveCfg = Release|Any CPU
		{BEDF7EB2-6401-48B0-9E32-E01ED9F104DF}.Release|Any CPU.Build.0 = Release|Any CPU
		{BEDF7EB2-6401-48B0-9E32-E01ED9F104DF}.Release|Any CPU.Deploy.0 = Release|Any CPU
		{BEDF7EB2-6401-48B0-9E32-E01ED9F104DF}.Release|ARM.ActiveCfg = Release|Any CPU
		{BEDF7EB2-6401-48B0-9E32-E01ED9F104DF}.Release|ARM.Build.0 = Release|Any CPU
		{BEDF7EB2-6401-48B0-9E32-E01ED9F104DF}.Release|ARM.Deploy.0 = Release|Any CPU
		{BEDF7EB2-6401-48B0-9E32-E01ED9F104DF}.Release|iPhone.ActiveCfg = Release|Any CPU
		{BEDF7EB2-6401-48B0-9E32-E01ED9F104DF}.Release|iPhone.Build.0 = Release|Any CPU
		{BEDF7EB2-6401-48B0-9E32-E01ED9F104DF}.Release|iPhone.Deploy.0 = Release|Any CPU
		{BEDF7EB2-6401-48B0-9E32-E01ED9F104DF}.Release|iPhoneSimulator.ActiveCfg = Release|Any CPU
		{BEDF7EB2-6401-48B0-9E32-E01ED9F104DF}.Release|iPhoneSimulator.Build.0 = Release|Any CPU
		{BEDF7EB2-6401-48B0-9E32-E01ED9F104DF}.Release|iPhoneSimulator.Deploy.0 = Release|Any CPU
		{BEDF7EB2-6401-48B0-9E32-E01ED9F104DF}.Release|x64.ActiveCfg = Release|Any CPU
		{BEDF7EB2-6401-48B0-9E32-E01ED9F104DF}.Release|x64.Build.0 = Release|Any CPU
		{BEDF7EB2-6401-48B0-9E32-E01ED9F104DF}.Release|x64.Deploy.0 = Release|Any CPU
		{BEDF7EB2-6401-48B0-9E32-E01ED9F104DF}.Release|x86.ActiveCfg = Release|Any CPU
		{BEDF7EB2-6401-48B0-9E32-E01ED9F104DF}.Release|x86.Build.0 = Release|Any CPU
		{BEDF7EB2-6401-48B0-9E32-E01ED9F104DF}.Release|x86.Deploy.0 = Release|Any CPU
		{700264FF-34BB-4417-8C13-F900F1A17660}.Ad-Hoc|Any CPU.ActiveCfg = Release|Any CPU
		{700264FF-34BB-4417-8C13-F900F1A17660}.Ad-Hoc|Any CPU.Build.0 = Release|Any CPU
		{700264FF-34BB-4417-8C13-F900F1A17660}.Ad-Hoc|ARM.ActiveCfg = Release|Any CPU
		{700264FF-34BB-4417-8C13-F900F1A17660}.Ad-Hoc|ARM.Build.0 = Release|Any CPU
		{700264FF-34BB-4417-8C13-F900F1A17660}.Ad-Hoc|iPhone.ActiveCfg = Release|Any CPU
		{700264FF-34BB-4417-8C13-F900F1A17660}.Ad-Hoc|iPhone.Build.0 = Release|Any CPU
		{700264FF-34BB-4417-8C13-F900F1A17660}.Ad-Hoc|iPhoneSimulator.ActiveCfg = Release|Any CPU
		{700264FF-34BB-4417-8C13-F900F1A17660}.Ad-Hoc|iPhoneSimulator.Build.0 = Release|Any CPU
		{700264FF-34BB-4417-8C13-F900F1A17660}.Ad-Hoc|x64.ActiveCfg = Release|Any CPU
		{700264FF-34BB-4417-8C13-F900F1A17660}.Ad-Hoc|x64.Build.0 = Release|Any CPU
		{700264FF-34BB-4417-8C13-F900F1A17660}.Ad-Hoc|x86.ActiveCfg = Release|Any CPU
		{700264FF-34BB-4417-8C13-F900F1A17660}.Ad-Hoc|x86.Build.0 = Release|Any CPU
		{700264FF-34BB-4417-8C13-F900F1A17660}.AppStore|Any CPU.ActiveCfg = Release|Any CPU
		{700264FF-34BB-4417-8C13-F900F1A17660}.AppStore|Any CPU.Build.0 = Release|Any CPU
		{700264FF-34BB-4417-8C13-F900F1A17660}.AppStore|ARM.ActiveCfg = Release|Any CPU
		{700264FF-34BB-4417-8C13-F900F1A17660}.AppStore|ARM.Build.0 = Release|Any CPU
		{700264FF-34BB-4417-8C13-F900F1A17660}.AppStore|iPhone.ActiveCfg = Release|Any CPU
		{700264FF-34BB-4417-8C13-F900F1A17660}.AppStore|iPhone.Build.0 = Release|Any CPU
		{700264FF-34BB-4417-8C13-F900F1A17660}.AppStore|iPhoneSimulator.ActiveCfg = Release|Any CPU
		{700264FF-34BB-4417-8C13-F900F1A17660}.AppStore|iPhoneSimulator.Build.0 = Release|Any CPU
		{700264FF-34BB-4417-8C13-F900F1A17660}.AppStore|x64.ActiveCfg = Release|Any CPU
		{700264FF-34BB-4417-8C13-F900F1A17660}.AppStore|x64.Build.0 = Release|Any CPU
		{700264FF-34BB-4417-8C13-F900F1A17660}.AppStore|x86.ActiveCfg = Release|Any CPU
		{700264FF-34BB-4417-8C13-F900F1A17660}.AppStore|x86.Build.0 = Release|Any CPU
		{700264FF-34BB-4417-8C13-F900F1A17660}.Debug|Any CPU.ActiveCfg = Debug|Any CPU
		{700264FF-34BB-4417-8C13-F900F1A17660}.Debug|Any CPU.Build.0 = Debug|Any CPU
		{700264FF-34BB-4417-8C13-F900F1A17660}.Debug|ARM.ActiveCfg = Debug|Any CPU
		{700264FF-34BB-4417-8C13-F900F1A17660}.Debug|ARM.Build.0 = Debug|Any CPU
		{700264FF-34BB-4417-8C13-F900F1A17660}.Debug|iPhone.ActiveCfg = Debug|Any CPU
		{700264FF-34BB-4417-8C13-F900F1A17660}.Debug|iPhone.Build.0 = Debug|Any CPU
		{700264FF-34BB-4417-8C13-F900F1A17660}.Debug|iPhoneSimulator.ActiveCfg = Debug|Any CPU
		{700264FF-34BB-4417-8C13-F900F1A17660}.Debug|iPhoneSimulator.Build.0 = Debug|Any CPU
		{700264FF-34BB-4417-8C13-F900F1A17660}.Debug|x64.ActiveCfg = Debug|Any CPU
		{700264FF-34BB-4417-8C13-F900F1A17660}.Debug|x64.Build.0 = Debug|Any CPU
		{700264FF-34BB-4417-8C13-F900F1A17660}.Debug|x86.ActiveCfg = Debug|Any CPU
		{700264FF-34BB-4417-8C13-F900F1A17660}.Debug|x86.Build.0 = Debug|Any CPU
		{700264FF-34BB-4417-8C13-F900F1A17660}.Release|Any CPU.ActiveCfg = Release|Any CPU
		{700264FF-34BB-4417-8C13-F900F1A17660}.Release|Any CPU.Build.0 = Release|Any CPU
		{700264FF-34BB-4417-8C13-F900F1A17660}.Release|ARM.ActiveCfg = Release|Any CPU
		{700264FF-34BB-4417-8C13-F900F1A17660}.Release|ARM.Build.0 = Release|Any CPU
		{700264FF-34BB-4417-8C13-F900F1A17660}.Release|iPhone.ActiveCfg = Release|Any CPU
		{700264FF-34BB-4417-8C13-F900F1A17660}.Release|iPhone.Build.0 = Release|Any CPU
		{700264FF-34BB-4417-8C13-F900F1A17660}.Release|iPhoneSimulator.ActiveCfg = Release|Any CPU
		{700264FF-34BB-4417-8C13-F900F1A17660}.Release|iPhoneSimulator.Build.0 = Release|Any CPU
		{700264FF-34BB-4417-8C13-F900F1A17660}.Release|x64.ActiveCfg = Release|Any CPU
		{700264FF-34BB-4417-8C13-F900F1A17660}.Release|x64.Build.0 = Release|Any CPU
		{700264FF-34BB-4417-8C13-F900F1A17660}.Release|x86.ActiveCfg = Release|Any CPU
		{700264FF-34BB-4417-8C13-F900F1A17660}.Release|x86.Build.0 = Release|Any CPU
		{42A026C9-E3B1-4B27-A7A8-A817E3472083}.Ad-Hoc|Any CPU.ActiveCfg = Release|Any CPU
		{42A026C9-E3B1-4B27-A7A8-A817E3472083}.Ad-Hoc|Any CPU.Build.0 = Release|Any CPU
		{42A026C9-E3B1-4B27-A7A8-A817E3472083}.Ad-Hoc|ARM.ActiveCfg = Release|Any CPU
		{42A026C9-E3B1-4B27-A7A8-A817E3472083}.Ad-Hoc|ARM.Build.0 = Release|Any CPU
		{42A026C9-E3B1-4B27-A7A8-A817E3472083}.Ad-Hoc|iPhone.ActiveCfg = Release|Any CPU
		{42A026C9-E3B1-4B27-A7A8-A817E3472083}.Ad-Hoc|iPhone.Build.0 = Release|Any CPU
		{42A026C9-E3B1-4B27-A7A8-A817E3472083}.Ad-Hoc|iPhoneSimulator.ActiveCfg = Release|Any CPU
		{42A026C9-E3B1-4B27-A7A8-A817E3472083}.Ad-Hoc|iPhoneSimulator.Build.0 = Release|Any CPU
		{42A026C9-E3B1-4B27-A7A8-A817E3472083}.Ad-Hoc|x64.ActiveCfg = Release|Any CPU
		{42A026C9-E3B1-4B27-A7A8-A817E3472083}.Ad-Hoc|x64.Build.0 = Release|Any CPU
		{42A026C9-E3B1-4B27-A7A8-A817E3472083}.Ad-Hoc|x86.ActiveCfg = Release|Any CPU
		{42A026C9-E3B1-4B27-A7A8-A817E3472083}.Ad-Hoc|x86.Build.0 = Release|Any CPU
		{42A026C9-E3B1-4B27-A7A8-A817E3472083}.AppStore|Any CPU.ActiveCfg = Release|Any CPU
		{42A026C9-E3B1-4B27-A7A8-A817E3472083}.AppStore|Any CPU.Build.0 = Release|Any CPU
		{42A026C9-E3B1-4B27-A7A8-A817E3472083}.AppStore|ARM.ActiveCfg = Release|Any CPU
		{42A026C9-E3B1-4B27-A7A8-A817E3472083}.AppStore|ARM.Build.0 = Release|Any CPU
		{42A026C9-E3B1-4B27-A7A8-A817E3472083}.AppStore|iPhone.ActiveCfg = Release|Any CPU
		{42A026C9-E3B1-4B27-A7A8-A817E3472083}.AppStore|iPhone.Build.0 = Release|Any CPU
		{42A026C9-E3B1-4B27-A7A8-A817E3472083}.AppStore|iPhoneSimulator.ActiveCfg = Release|Any CPU
		{42A026C9-E3B1-4B27-A7A8-A817E3472083}.AppStore|iPhoneSimulator.Build.0 = Release|Any CPU
		{42A026C9-E3B1-4B27-A7A8-A817E3472083}.AppStore|x64.ActiveCfg = Release|Any CPU
		{42A026C9-E3B1-4B27-A7A8-A817E3472083}.AppStore|x64.Build.0 = Release|Any CPU
		{42A026C9-E3B1-4B27-A7A8-A817E3472083}.AppStore|x86.ActiveCfg = Release|Any CPU
		{42A026C9-E3B1-4B27-A7A8-A817E3472083}.AppStore|x86.Build.0 = Release|Any CPU
		{42A026C9-E3B1-4B27-A7A8-A817E3472083}.Debug|Any CPU.ActiveCfg = Debug|Any CPU
		{42A026C9-E3B1-4B27-A7A8-A817E3472083}.Debug|Any CPU.Build.0 = Debug|Any CPU
		{42A026C9-E3B1-4B27-A7A8-A817E3472083}.Debug|ARM.ActiveCfg = Debug|Any CPU
		{42A026C9-E3B1-4B27-A7A8-A817E3472083}.Debug|ARM.Build.0 = Debug|Any CPU
		{42A026C9-E3B1-4B27-A7A8-A817E3472083}.Debug|iPhone.ActiveCfg = Debug|Any CPU
		{42A026C9-E3B1-4B27-A7A8-A817E3472083}.Debug|iPhone.Build.0 = Debug|Any CPU
		{42A026C9-E3B1-4B27-A7A8-A817E3472083}.Debug|iPhoneSimulator.ActiveCfg = Debug|Any CPU
		{42A026C9-E3B1-4B27-A7A8-A817E3472083}.Debug|iPhoneSimulator.Build.0 = Debug|Any CPU
		{42A026C9-E3B1-4B27-A7A8-A817E3472083}.Debug|x64.ActiveCfg = Debug|Any CPU
		{42A026C9-E3B1-4B27-A7A8-A817E3472083}.Debug|x64.Build.0 = Debug|Any CPU
		{42A026C9-E3B1-4B27-A7A8-A817E3472083}.Debug|x86.ActiveCfg = Debug|Any CPU
		{42A026C9-E3B1-4B27-A7A8-A817E3472083}.Debug|x86.Build.0 = Debug|Any CPU
		{42A026C9-E3B1-4B27-A7A8-A817E3472083}.Release|Any CPU.ActiveCfg = Release|Any CPU
		{42A026C9-E3B1-4B27-A7A8-A817E3472083}.Release|Any CPU.Build.0 = Release|Any CPU
		{42A026C9-E3B1-4B27-A7A8-A817E3472083}.Release|ARM.ActiveCfg = Release|Any CPU
		{42A026C9-E3B1-4B27-A7A8-A817E3472083}.Release|ARM.Build.0 = Release|Any CPU
		{42A026C9-E3B1-4B27-A7A8-A817E3472083}.Release|iPhone.ActiveCfg = Release|Any CPU
		{42A026C9-E3B1-4B27-A7A8-A817E3472083}.Release|iPhone.Build.0 = Release|Any CPU
		{42A026C9-E3B1-4B27-A7A8-A817E3472083}.Release|iPhoneSimulator.ActiveCfg = Release|Any CPU
		{42A026C9-E3B1-4B27-A7A8-A817E3472083}.Release|iPhoneSimulator.Build.0 = Release|Any CPU
		{42A026C9-E3B1-4B27-A7A8-A817E3472083}.Release|x64.ActiveCfg = Release|Any CPU
		{42A026C9-E3B1-4B27-A7A8-A817E3472083}.Release|x64.Build.0 = Release|Any CPU
		{42A026C9-E3B1-4B27-A7A8-A817E3472083}.Release|x86.ActiveCfg = Release|Any CPU
		{42A026C9-E3B1-4B27-A7A8-A817E3472083}.Release|x86.Build.0 = Release|Any CPU
		{EBA93912-3111-4B69-B9CB-E4DD2202A949}.Ad-Hoc|Any CPU.ActiveCfg = Release|Any CPU
		{EBA93912-3111-4B69-B9CB-E4DD2202A949}.Ad-Hoc|Any CPU.Build.0 = Release|Any CPU
		{EBA93912-3111-4B69-B9CB-E4DD2202A949}.Ad-Hoc|ARM.ActiveCfg = Release|Any CPU
		{EBA93912-3111-4B69-B9CB-E4DD2202A949}.Ad-Hoc|ARM.Build.0 = Release|Any CPU
		{EBA93912-3111-4B69-B9CB-E4DD2202A949}.Ad-Hoc|iPhone.ActiveCfg = Release|Any CPU
		{EBA93912-3111-4B69-B9CB-E4DD2202A949}.Ad-Hoc|iPhone.Build.0 = Release|Any CPU
		{EBA93912-3111-4B69-B9CB-E4DD2202A949}.Ad-Hoc|iPhoneSimulator.ActiveCfg = Release|Any CPU
		{EBA93912-3111-4B69-B9CB-E4DD2202A949}.Ad-Hoc|iPhoneSimulator.Build.0 = Release|Any CPU
		{EBA93912-3111-4B69-B9CB-E4DD2202A949}.Ad-Hoc|x64.ActiveCfg = Release|Any CPU
		{EBA93912-3111-4B69-B9CB-E4DD2202A949}.Ad-Hoc|x64.Build.0 = Release|Any CPU
		{EBA93912-3111-4B69-B9CB-E4DD2202A949}.Ad-Hoc|x86.ActiveCfg = Release|Any CPU
		{EBA93912-3111-4B69-B9CB-E4DD2202A949}.Ad-Hoc|x86.Build.0 = Release|Any CPU
		{EBA93912-3111-4B69-B9CB-E4DD2202A949}.AppStore|Any CPU.ActiveCfg = Release|Any CPU
		{EBA93912-3111-4B69-B9CB-E4DD2202A949}.AppStore|Any CPU.Build.0 = Release|Any CPU
		{EBA93912-3111-4B69-B9CB-E4DD2202A949}.AppStore|ARM.ActiveCfg = Release|Any CPU
		{EBA93912-3111-4B69-B9CB-E4DD2202A949}.AppStore|ARM.Build.0 = Release|Any CPU
		{EBA93912-3111-4B69-B9CB-E4DD2202A949}.AppStore|iPhone.ActiveCfg = Release|Any CPU
		{EBA93912-3111-4B69-B9CB-E4DD2202A949}.AppStore|iPhone.Build.0 = Release|Any CPU
		{EBA93912-3111-4B69-B9CB-E4DD2202A949}.AppStore|iPhoneSimulator.ActiveCfg = Release|Any CPU
		{EBA93912-3111-4B69-B9CB-E4DD2202A949}.AppStore|iPhoneSimulator.Build.0 = Release|Any CPU
		{EBA93912-3111-4B69-B9CB-E4DD2202A949}.AppStore|x64.ActiveCfg = Release|Any CPU
		{EBA93912-3111-4B69-B9CB-E4DD2202A949}.AppStore|x64.Build.0 = Release|Any CPU
		{EBA93912-3111-4B69-B9CB-E4DD2202A949}.AppStore|x86.ActiveCfg = Release|Any CPU
		{EBA93912-3111-4B69-B9CB-E4DD2202A949}.AppStore|x86.Build.0 = Release|Any CPU
		{EBA93912-3111-4B69-B9CB-E4DD2202A949}.Debug|Any CPU.ActiveCfg = Debug|Any CPU
		{EBA93912-3111-4B69-B9CB-E4DD2202A949}.Debug|Any CPU.Build.0 = Debug|Any CPU
		{EBA93912-3111-4B69-B9CB-E4DD2202A949}.Debug|ARM.ActiveCfg = Debug|Any CPU
		{EBA93912-3111-4B69-B9CB-E4DD2202A949}.Debug|ARM.Build.0 = Debug|Any CPU
		{EBA93912-3111-4B69-B9CB-E4DD2202A949}.Debug|iPhone.ActiveCfg = Debug|Any CPU
		{EBA93912-3111-4B69-B9CB-E4DD2202A949}.Debug|iPhone.Build.0 = Debug|Any CPU
		{EBA93912-3111-4B69-B9CB-E4DD2202A949}.Debug|iPhoneSimulator.ActiveCfg = Debug|Any CPU
		{EBA93912-3111-4B69-B9CB-E4DD2202A949}.Debug|iPhoneSimulator.Build.0 = Debug|Any CPU
		{EBA93912-3111-4B69-B9CB-E4DD2202A949}.Debug|x64.ActiveCfg = Debug|Any CPU
		{EBA93912-3111-4B69-B9CB-E4DD2202A949}.Debug|x64.Build.0 = Debug|Any CPU
		{EBA93912-3111-4B69-B9CB-E4DD2202A949}.Debug|x86.ActiveCfg = Debug|Any CPU
		{EBA93912-3111-4B69-B9CB-E4DD2202A949}.Debug|x86.Build.0 = Debug|Any CPU
		{EBA93912-3111-4B69-B9CB-E4DD2202A949}.Release|Any CPU.ActiveCfg = Release|Any CPU
		{EBA93912-3111-4B69-B9CB-E4DD2202A949}.Release|Any CPU.Build.0 = Release|Any CPU
		{EBA93912-3111-4B69-B9CB-E4DD2202A949}.Release|ARM.ActiveCfg = Release|Any CPU
		{EBA93912-3111-4B69-B9CB-E4DD2202A949}.Release|ARM.Build.0 = Release|Any CPU
		{EBA93912-3111-4B69-B9CB-E4DD2202A949}.Release|iPhone.ActiveCfg = Release|Any CPU
		{EBA93912-3111-4B69-B9CB-E4DD2202A949}.Release|iPhone.Build.0 = Release|Any CPU
		{EBA93912-3111-4B69-B9CB-E4DD2202A949}.Release|iPhoneSimulator.ActiveCfg = Release|Any CPU
		{EBA93912-3111-4B69-B9CB-E4DD2202A949}.Release|iPhoneSimulator.Build.0 = Release|Any CPU
		{EBA93912-3111-4B69-B9CB-E4DD2202A949}.Release|x64.ActiveCfg = Release|Any CPU
		{EBA93912-3111-4B69-B9CB-E4DD2202A949}.Release|x64.Build.0 = Release|Any CPU
		{EBA93912-3111-4B69-B9CB-E4DD2202A949}.Release|x86.ActiveCfg = Release|Any CPU
		{EBA93912-3111-4B69-B9CB-E4DD2202A949}.Release|x86.Build.0 = Release|Any CPU
		{061F2CF9-73CE-49FE-8DDA-1C3E2A977762}.Ad-Hoc|Any CPU.ActiveCfg = Release|Any CPU
		{061F2CF9-73CE-49FE-8DDA-1C3E2A977762}.Ad-Hoc|Any CPU.Build.0 = Release|Any CPU
		{061F2CF9-73CE-49FE-8DDA-1C3E2A977762}.Ad-Hoc|ARM.ActiveCfg = Release|Any CPU
		{061F2CF9-73CE-49FE-8DDA-1C3E2A977762}.Ad-Hoc|ARM.Build.0 = Release|Any CPU
		{061F2CF9-73CE-49FE-8DDA-1C3E2A977762}.Ad-Hoc|iPhone.ActiveCfg = Release|Any CPU
		{061F2CF9-73CE-49FE-8DDA-1C3E2A977762}.Ad-Hoc|iPhone.Build.0 = Release|Any CPU
		{061F2CF9-73CE-49FE-8DDA-1C3E2A977762}.Ad-Hoc|iPhoneSimulator.ActiveCfg = Release|Any CPU
		{061F2CF9-73CE-49FE-8DDA-1C3E2A977762}.Ad-Hoc|iPhoneSimulator.Build.0 = Release|Any CPU
		{061F2CF9-73CE-49FE-8DDA-1C3E2A977762}.Ad-Hoc|x64.ActiveCfg = Release|Any CPU
		{061F2CF9-73CE-49FE-8DDA-1C3E2A977762}.Ad-Hoc|x64.Build.0 = Release|Any CPU
		{061F2CF9-73CE-49FE-8DDA-1C3E2A977762}.Ad-Hoc|x86.ActiveCfg = Release|Any CPU
		{061F2CF9-73CE-49FE-8DDA-1C3E2A977762}.Ad-Hoc|x86.Build.0 = Release|Any CPU
		{061F2CF9-73CE-49FE-8DDA-1C3E2A977762}.AppStore|Any CPU.ActiveCfg = Release|Any CPU
		{061F2CF9-73CE-49FE-8DDA-1C3E2A977762}.AppStore|Any CPU.Build.0 = Release|Any CPU
		{061F2CF9-73CE-49FE-8DDA-1C3E2A977762}.AppStore|ARM.ActiveCfg = Release|Any CPU
		{061F2CF9-73CE-49FE-8DDA-1C3E2A977762}.AppStore|ARM.Build.0 = Release|Any CPU
		{061F2CF9-73CE-49FE-8DDA-1C3E2A977762}.AppStore|iPhone.ActiveCfg = Release|Any CPU
		{061F2CF9-73CE-49FE-8DDA-1C3E2A977762}.AppStore|iPhone.Build.0 = Release|Any CPU
		{061F2CF9-73CE-49FE-8DDA-1C3E2A977762}.AppStore|iPhoneSimulator.ActiveCfg = Release|Any CPU
		{061F2CF9-73CE-49FE-8DDA-1C3E2A977762}.AppStore|iPhoneSimulator.Build.0 = Release|Any CPU
		{061F2CF9-73CE-49FE-8DDA-1C3E2A977762}.AppStore|x64.ActiveCfg = Release|Any CPU
		{061F2CF9-73CE-49FE-8DDA-1C3E2A977762}.AppStore|x64.Build.0 = Release|Any CPU
		{061F2CF9-73CE-49FE-8DDA-1C3E2A977762}.AppStore|x86.ActiveCfg = Release|Any CPU
		{061F2CF9-73CE-49FE-8DDA-1C3E2A977762}.AppStore|x86.Build.0 = Release|Any CPU
		{061F2CF9-73CE-49FE-8DDA-1C3E2A977762}.Debug|Any CPU.ActiveCfg = Debug|Any CPU
		{061F2CF9-73CE-49FE-8DDA-1C3E2A977762}.Debug|Any CPU.Build.0 = Debug|Any CPU
		{061F2CF9-73CE-49FE-8DDA-1C3E2A977762}.Debug|ARM.ActiveCfg = Debug|Any CPU
		{061F2CF9-73CE-49FE-8DDA-1C3E2A977762}.Debug|ARM.Build.0 = Debug|Any CPU
		{061F2CF9-73CE-49FE-8DDA-1C3E2A977762}.Debug|iPhone.ActiveCfg = Debug|Any CPU
		{061F2CF9-73CE-49FE-8DDA-1C3E2A977762}.Debug|iPhone.Build.0 = Debug|Any CPU
		{061F2CF9-73CE-49FE-8DDA-1C3E2A977762}.Debug|iPhoneSimulator.ActiveCfg = Debug|Any CPU
		{061F2CF9-73CE-49FE-8DDA-1C3E2A977762}.Debug|iPhoneSimulator.Build.0 = Debug|Any CPU
		{061F2CF9-73CE-49FE-8DDA-1C3E2A977762}.Debug|x64.ActiveCfg = Debug|Any CPU
		{061F2CF9-73CE-49FE-8DDA-1C3E2A977762}.Debug|x64.Build.0 = Debug|Any CPU
		{061F2CF9-73CE-49FE-8DDA-1C3E2A977762}.Debug|x86.ActiveCfg = Debug|Any CPU
		{061F2CF9-73CE-49FE-8DDA-1C3E2A977762}.Debug|x86.Build.0 = Debug|Any CPU
		{061F2CF9-73CE-49FE-8DDA-1C3E2A977762}.Release|Any CPU.ActiveCfg = Release|Any CPU
		{061F2CF9-73CE-49FE-8DDA-1C3E2A977762}.Release|Any CPU.Build.0 = Release|Any CPU
		{061F2CF9-73CE-49FE-8DDA-1C3E2A977762}.Release|ARM.ActiveCfg = Release|Any CPU
		{061F2CF9-73CE-49FE-8DDA-1C3E2A977762}.Release|ARM.Build.0 = Release|Any CPU
		{061F2CF9-73CE-49FE-8DDA-1C3E2A977762}.Release|iPhone.ActiveCfg = Release|Any CPU
		{061F2CF9-73CE-49FE-8DDA-1C3E2A977762}.Release|iPhone.Build.0 = Release|Any CPU
		{061F2CF9-73CE-49FE-8DDA-1C3E2A977762}.Release|iPhoneSimulator.ActiveCfg = Release|Any CPU
		{061F2CF9-73CE-49FE-8DDA-1C3E2A977762}.Release|iPhoneSimulator.Build.0 = Release|Any CPU
		{061F2CF9-73CE-49FE-8DDA-1C3E2A977762}.Release|x64.ActiveCfg = Release|Any CPU
		{061F2CF9-73CE-49FE-8DDA-1C3E2A977762}.Release|x64.Build.0 = Release|Any CPU
		{061F2CF9-73CE-49FE-8DDA-1C3E2A977762}.Release|x86.ActiveCfg = Release|Any CPU
		{061F2CF9-73CE-49FE-8DDA-1C3E2A977762}.Release|x86.Build.0 = Release|Any CPU
	EndGlobalSection
	GlobalSection(SolutionProperties) = preSolution
		HideSolutionNode = FALSE
	EndGlobalSection
	GlobalSection(ExtensibilityGlobals) = postSolution
		SolutionGuid = {4AEB8E7A-EBA5-43FB-AC4D-7E955A0F2DD9}
	EndGlobalSection
EndGlobal
